
Microsoft Visual Studio Solution File, Format Version 12.00
# Visual Studio Version 16
VisualStudioVersion = 16.0.30503.244
MinimumVisualStudioVersion = 10.0.40219.1
Project("{FAE04EC0-301F-11D3-BF4B-00C04F79EFBC}") = "1. VSGInternPrep First Question", "1. VSGInternPrep First Question.csproj", "{3ABBCF02-8A27-4DDA-A761-20FE46377714}"
EndProject
Project("{FAE04EC0-301F-11D3-BF4B-00C04F79EFBC}") = "4. VSGInternPrep Fourth Question", "..\VSGInternPrep Second Exercise\4. VSGInternPrep Fourth Question.csproj", "{30B99C34-7E01-45BE-BFF3-3EFF12DCB6CF}"
EndProject
Project("{FAE04EC0-301F-11D3-BF4B-00C04F79EFBC}") = "3. VSGInternPrep Third Question", "..\VSGInternPrep Third Exercise\3. VSGInternPrep Third Question.csproj", "{EF0B0FFF-F231-416A-99A3-3A520381BDCF}"
EndProject
Project("{FAE04EC0-301F-11D3-BF4B-00C04F79EFBC}") = "2. VSGInternPrep Second Question", "..\VSGInternPrep Fourth Question\2. VSGInternPrep Second Question.csproj", "{9A693278-960D-48CC-B2B5-C45C0149E6DE}"
EndProject
Global
	GlobalSection(SolutionConfigurationPlatforms) = preSolution
		Debug|Any CPU = Debug|Any CPU
		Release|Any CPU = Release|Any CPU
	EndGlobalSection
	GlobalSection(ProjectConfigurationPlatforms) = postSolution
		{3ABBCF02-8A27-4DDA-A761-20FE46377714}.Debug|Any CPU.ActiveCfg = Debug|Any CPU
		{3ABBCF02-8A27-4DDA-A761-20FE46377714}.Debug|Any CPU.Build.0 = Debug|Any CPU
		{3ABBCF02-8A27-4DDA-A761-20FE46377714}.Release|Any CPU.ActiveCfg = Release|Any CPU
		{3ABBCF02-8A27-4DDA-A761-20FE46377714}.Release|Any CPU.Build.0 = Release|Any CPU
		{30B99C34-7E01-45BE-BFF3-3EFF12DCB6CF}.Debug|Any CPU.ActiveCfg = Debug|Any CPU
		{30B99C34-7E01-45BE-BFF3-3EFF12DCB6CF}.Debug|Any CPU.Build.0 = Debug|Any CPU
		{30B99C34-7E01-45BE-BFF3-3EFF12DCB6CF}.Release|Any CPU.ActiveCfg = Release|Any CPU
		{30B99C34-7E01-45BE-BFF3-3EFF12DCB6CF}.Release|Any CPU.Build.0 = Release|Any CPU
		{EF0B0FFF-F231-416A-99A3-3A520381BDCF}.Debug|Any CPU.ActiveCfg = Debug|Any CPU
		{EF0B0FFF-F231-416A-99A3-3A520381BDCF}.Debug|Any CPU.Build.0 = Debug|Any CPU
		{EF0B0FFF-F231-416A-99A3-3A520381BDCF}.Release|Any CPU.ActiveCfg = Release|Any CPU
		{EF0B0FFF-F231-416A-99A3-3A520381BDCF}.Release|Any CPU.Build.0 = Release|Any CPU
		{9A693278-960D-48CC-B2B5-C45C0149E6DE}.Debug|Any CPU.ActiveCfg = Debug|Any CPU
		{9A693278-960D-48CC-B2B5-C45C0149E6DE}.Debug|Any CPU.Build.0 = Debug|Any CPU
		{9A693278-960D-48CC-B2B5-C45C0149E6DE}.Release|Any CPU.ActiveCfg = Release|Any CPU
		{9A693278-960D-48CC-B2B5-C45C0149E6DE}.Release|Any CPU.Build.0 = Release|Any CPU
	EndGlobalSection
	GlobalSection(SolutionProperties) = preSolution
		HideSolutionNode = FALSE
	EndGlobalSection
	GlobalSection(ExtensibilityGlobals) = postSolution
		SolutionGuid = {BC93727A-B2EE-4D70-81F4-ADB9AE357A47}
	EndGlobalSection
EndGlobal
